
Microsoft Visual Studio Solution File, Format Version 12.00
# Visual Studio Version 16
VisualStudioVersion = 16.0.29505.145
MinimumVisualStudioVersion = 10.0.40219.1
Project("{8BC9CEB8-8B4A-11D0-8D11-00A0C91BC942}") = "ObjectExplorer", "ObjectExplorer\ObjectExplorer.vcxproj", "{A5D618EB-BD6E-4769-8EF9-92ACE34C5DA4}"
	ProjectSection(ProjectDependencies) = postProject
		{0EC9E22D-B694-437A-8505-2BB067BFC1D4} = {0EC9E22D-B694-437A-8505-2BB067BFC1D4}
	EndProjectSection
EndProject
Project("{8BC9CEB8-8B4A-11D0-8D11-00A0C91BC942}") = "KObjExp", "KObjExp\KObjExp.vcxproj", "{0EC9E22D-B694-437A-8505-2BB067BFC1D4}"
EndProject
Global
	GlobalSection(SolutionConfigurationPlatforms) = preSolution
		Debug|ARM = Debug|ARM
		Debug|ARM64 = Debug|ARM64
		Debug|x64 = Debug|x64
		Debug|x86 = Debug|x86
		Release|ARM = Release|ARM
		Release|ARM64 = Release|ARM64
		Release|x64 = Release|x64
		Release|x86 = Release|x86
	EndGlobalSection
	GlobalSection(ProjectConfigurationPlatforms) = postSolution
		{A5D618EB-BD6E-4769-8EF9-92ACE34C5DA4}.Debug|ARM.ActiveCfg = Debug|Win32
		{A5D618EB-BD6E-4769-8EF9-92ACE34C5DA4}.Debug|ARM64.ActiveCfg = Debug|Win32
		{A5D618EB-BD6E-4769-8EF9-92ACE34C5DA4}.Debug|x64.ActiveCfg = Debug|x64
		{A5D618EB-BD6E-4769-8EF9-92ACE34C5DA4}.Debug|x64.Build.0 = Debug|x64
		{A5D618EB-BD6E-4769-8EF9-92ACE34C5DA4}.Debug|x86.ActiveCfg = Debug|Win32
		{A5D618EB-BD6E-4769-8EF9-92ACE34C5DA4}.Debug|x86.Build.0 = Debug|Win32
		{A5D618EB-BD6E-4769-8EF9-92ACE34C5DA4}.Release|ARM.ActiveCfg = Release|Win32
		{A5D618EB-BD6E-4769-8EF9-92ACE34C5DA4}.Release|ARM64.ActiveCfg = Release|Win32
		{A5D618EB-BD6E-4769-8EF9-92ACE34C5DA4}.Release|x64.ActiveCfg = Release|x64
		{A5D618EB-BD6E-4769-8EF9-92ACE34C5DA4}.Release|x64.Build.0 = Release|x64
		{A5D618EB-BD6E-4769-8EF9-92ACE34C5DA4}.Release|x86.ActiveCfg = Release|Win32
		{A5D618EB-BD6E-4769-8EF9-92ACE34C5DA4}.Release|x86.Build.0 = Release|Win32
		{0EC9E22D-B694-437A-8505-2BB067BFC1D4}.Debug|ARM.ActiveCfg = Debug|ARM
		{0EC9E22D-B694-437A-8505-2BB067BFC1D4}.Debug|ARM.Build.0 = Debug|ARM
		{0EC9E22D-B694-437A-8505-2BB067BFC1D4}.Debug|ARM.Deploy.0 = Debug|ARM
		{0EC9E22D-B694-437A-8505-2BB067BFC1D4}.Debug|ARM64.ActiveCfg = Debug|ARM64
		{0EC9E22D-B694-437A-8505-2BB067BFC1D4}.Debug|ARM64.Build.0 = Debug|ARM64
		{0EC9E22D-B694-437A-8505-2BB067BFC1D4}.Debug|ARM64.Deploy.0 = Debug|ARM64
		{0EC9E22D-B694-437A-8505-2BB067BFC1D4}.Debug|x64.ActiveCfg = Debug|x64
		{0EC9E22D-B694-437A-8505-2BB067BFC1D4}.Debug|x64.Build.0 = Debug|x64
		{0EC9E22D-B694-437A-8505-2BB067BFC1D4}.Debug|x86.ActiveCfg = Debug|Win32
		{0EC9E22D-B694-437A-8505-2BB067BFC1D4}.Debug|x86.Build.0 = Debug|Win32
		{0EC9E22D-B694-437A-8505-2BB067BFC1D4}.Debug|x86.Deploy.0 = Debug|Win32
		{0EC9E22D-B694-437A-8505-2BB067BFC1D4}.Release|ARM.ActiveCfg = Release|ARM
		{0EC9E22D-B694-437A-8505-2BB067BFC1D4}.Release|ARM.Build.0 = Release|ARM
		{0EC9E22D-B694-437A-8505-2BB067BFC1D4}.Release|ARM.Deploy.0 = Release|ARM
		{0EC9E22D-B694-437A-8505-2BB067BFC1D4}.Release|ARM64.ActiveCfg = Release|ARM64
		{0EC9E22D-B694-437A-8505-2BB067BFC1D4}.Release|ARM64.Build.0 = Release|ARM64
		{0EC9E22D-B694-437A-8505-2BB067BFC1D4}.Release|ARM64.Deploy.0 = Release|ARM64
		{0EC9E22D-B694-437A-8505-2BB067BFC1D4}.Release|x64.ActiveCfg = Release|x64
		{0EC9E22D-B694-437A-8505-2BB067BFC1D4}.Release|x64.Build.0 = Release|x64
		{0EC9E22D-B694-437A-8505-2BB067BFC1D4}.Release|x86.ActiveCfg = Release|Win32
		{0EC9E22D-B694-437A-8505-2BB067BFC1D4}.Release|x86.Build.0 = Release|Win32
		{0EC9E22D-B694-437A-8505-2BB067BFC1D4}.Release|x86.Deploy.0 = Release|Win32
	EndGlobalSection
	GlobalSection(SolutionProperties) = preSolution
		HideSolutionNode = FALSE
	EndGlobalSection
	GlobalSection(ExtensibilityGlobals) = postSolution
		SolutionGuid = {2D611A19-DFA8-4C10-8229-B906C15BE55E}
	EndGlobalSection
EndGlobal
